
Microsoft Visual Studio Solution File, Format Version 12.00
# Visual Studio Version 17
VisualStudioVersion = 17.6.33829.357
MinimumVisualStudioVersion = 10.0.40219.1
Project("{FAE04EC0-301F-11D3-BF4B-00C04F79EFBC}") = "MinimalApiDotNetCore", "MinimalApiDotNetCore\MinimalApiDotNetCore.csproj", "{56F7C33F-7CDF-4DB0-930F-623A327614C1}"
EndProject
Global
	GlobalSection(SolutionConfigurationPlatforms) = preSolution
		Debug|Any CPU = Debug|Any CPU
		Release|Any CPU = Release|Any CPU
	EndGlobalSection
	GlobalSection(ProjectConfigurationPlatforms) = postSolution
		{56F7C33F-7CDF-4DB0-930F-623A327614C1}.Debug|Any CPU.ActiveCfg = Debug|Any CPU
		{56F7C33F-7CDF-4DB0-930F-623A327614C1}.Debug|Any CPU.Build.0 = Debug|Any CPU
		{56F7C33F-7CDF-4DB0-930F-623A327614C1}.Release|Any CPU.ActiveCfg = Release|Any CPU
		{56F7C33F-7CDF-4DB0-930F-623A327614C1}.Release|Any CPU.Build.0 = Release|Any CPU
	EndGlobalSection
	GlobalSection(SolutionProperties) = preSolution
		HideSolutionNode = FALSE
	EndGlobalSection
	GlobalSection(ExtensibilityGlobals) = postSolution
		SolutionGuid = {6C25A5BD-35FC-4F4E-BAFD-DCD745E22660}
	EndGlobalSection
EndGlobal
